// !$*UTF8*$!
{
	archiveVersion = 1;
	classes = {
	};
	objectVersion = 55;
	objects = {

/* Begin PBXBuildFile section */
		F2A1256C2821038D009E432A /* LibraryViewController.swift in Sources */ = {isa = PBXBuildFile; fileRef = F2A1256B2821038D009E432A /* LibraryViewController.swift */; };
		F2A1256E282103A6009E432A /* SecretPassageViewController.swift in Sources */ = {isa = PBXBuildFile; fileRef = F2A1256D282103A6009E432A /* SecretPassageViewController.swift */; };
		F2A12570282103C3009E432A /* DungeonViewController.swift in Sources */ = {isa = PBXBuildFile; fileRef = F2A1256F282103C3009E432A /* DungeonViewController.swift */; };
		F2A12572282103D9009E432A /* LabratoryViewController.swift in Sources */ = {isa = PBXBuildFile; fileRef = F2A12571282103D9009E432A /* LabratoryViewController.swift */; };
		F2A12574282103EA009E432A /* GeneratorViewController.swift in Sources */ = {isa = PBXBuildFile; fileRef = F2A12573282103EA009E432A /* GeneratorViewController.swift */; };
		F2A12576282103FE009E432A /* MysteriousLakeViewController.swift in Sources */ = {isa = PBXBuildFile; fileRef = F2A12575282103FE009E432A /* MysteriousLakeViewController.swift */; };
		F2A125782821041D009E432A /* CursedChaliceViewController.swift in Sources */ = {isa = PBXBuildFile; fileRef = F2A125772821041D009E432A /* CursedChaliceViewController.swift */; };
		F2A1257A2821042F009E432A /* DiningRoomViewController.swift in Sources */ = {isa = PBXBuildFile; fileRef = F2A125792821042F009E432A /* DiningRoomViewController.swift */; };
		F2A1257C28210440009E432A /* KitchenViewController.swift in Sources */ = {isa = PBXBuildFile; fileRef = F2A1257B28210440009E432A /* KitchenViewController.swift */; };
		F2A1257E28210450009E432A /* BackPorchViewController.swift in Sources */ = {isa = PBXBuildFile; fileRef = F2A1257D28210450009E432A /* BackPorchViewController.swift */; };
		F2A1258028210462009E432A /* StairsUpViewController.swift in Sources */ = {isa = PBXBuildFile; fileRef = F2A1257F28210462009E432A /* StairsUpViewController.swift */; };
		F2A1258228210472009E432A /* BedRoomViewController.swift in Sources */ = {isa = PBXBuildFile; fileRef = F2A1258128210472009E432A /* BedRoomViewController.swift */; };
		F2A1258428210480009E432A /* BathRoomViewController.swift in Sources */ = {isa = PBXBuildFile; fileRef = F2A1258328210480009E432A /* BathRoomViewController.swift */; };
		F2A125862821133F009E432A /* DoorWayViewController.swift in Sources */ = {isa = PBXBuildFile; fileRef = F2A125852821133F009E432A /* DoorWayViewController.swift */; };
		F2E735B42820E06B00FFF579 /* AppDelegate.swift in Sources */ = {isa = PBXBuildFile; fileRef = F2E735B32820E06B00FFF579 /* AppDelegate.swift */; };
		F2E735B62820E06B00FFF579 /* SceneDelegate.swift in Sources */ = {isa = PBXBuildFile; fileRef = F2E735B52820E06B00FFF579 /* SceneDelegate.swift */; };
		F2E735B82820E06B00FFF579 /* ViewController.swift in Sources */ = {isa = PBXBuildFile; fileRef = F2E735B72820E06B00FFF579 /* ViewController.swift */; };
		F2E735BB2820E06B00FFF579 /* Main.storyboard in Resources */ = {isa = PBXBuildFile; fileRef = F2E735B92820E06B00FFF579 /* Main.storyboard */; };
		F2E735BD2820E06D00FFF579 /* Assets.xcassets in Resources */ = {isa = PBXBuildFile; fileRef = F2E735BC2820E06D00FFF579 /* Assets.xcassets */; };
		F2E735C02820E06D00FFF579 /* LaunchScreen.storyboard in Resources */ = {isa = PBXBuildFile; fileRef = F2E735BE2820E06D00FFF579 /* LaunchScreen.storyboard */; };
		F2E735C82820FE5700FFF579 /* CoatRoomViewController.swift in Sources */ = {isa = PBXBuildFile; fileRef = F2E735C72820FE5700FFF579 /* CoatRoomViewController.swift */; };
/* End PBXBuildFile section */

/* Begin PBXFileReference section */
		F2A1256B2821038D009E432A /* LibraryViewController.swift */ = {isa = PBXFileReference; lastKnownFileType = sourcecode.swift; path = LibraryViewController.swift; sourceTree = "<group>"; };
		F2A1256D282103A6009E432A /* SecretPassageViewController.swift */ = {isa = PBXFileReference; lastKnownFileType = sourcecode.swift; path = SecretPassageViewController.swift; sourceTree = "<group>"; };
		F2A1256F282103C3009E432A /* DungeonViewController.swift */ = {isa = PBXFileReference; lastKnownFileType = sourcecode.swift; path = DungeonViewController.swift; sourceTree = "<group>"; };
		F2A12571282103D9009E432A /* LabratoryViewController.swift */ = {isa = PBXFileReference; lastKnownFileType = sourcecode.swift; path = LabratoryViewController.swift; sourceTree = "<group>"; };
		F2A12573282103EA009E432A /* GeneratorViewController.swift */ = {isa = PBXFileReference; lastKnownFileType = sourcecode.swift; path = GeneratorViewController.swift; sourceTree = "<group>"; };
		F2A12575282103FE009E432A /* MysteriousLakeViewController.swift */ = {isa = PBXFileReference; lastKnownFileType = sourcecode.swift; path = MysteriousLakeViewController.swift; sourceTree = "<group>"; };
		F2A125772821041D009E432A /* CursedChaliceViewController.swift */ = {isa = PBXFileReference; lastKnownFileType = sourcecode.swift; path = CursedChaliceViewController.swift; sourceTree = "<group>"; };
		F2A125792821042F009E432A /* DiningRoomViewController.swift */ = {isa = PBXFileReference; lastKnownFileType = sourcecode.swift; path = DiningRoomViewController.swift; sourceTree = "<group>"; };
		F2A1257B28210440009E432A /* KitchenViewController.swift */ = {isa = PBXFileReference; lastKnownFileType = sourcecode.swift; path = KitchenViewController.swift; sourceTree = "<group>"; };
		F2A1257D28210450009E432A /* BackPorchViewController.swift */ = {isa = PBXFileReference; lastKnownFileType = sourcecode.swift; path = BackPorchViewController.swift; sourceTree = "<group>"; };
		F2A1257F28210462009E432A /* StairsUpViewController.swift */ = {isa = PBXFileReference; lastKnownFileType = sourcecode.swift; path = StairsUpViewController.swift; sourceTree = "<group>"; };
		F2A1258128210472009E432A /* BedRoomViewController.swift */ = {isa = PBXFileReference; lastKnownFileType = sourcecode.swift; path = BedRoomViewController.swift; sourceTree = "<group>"; };
		F2A1258328210480009E432A /* BathRoomViewController.swift */ = {isa = PBXFileReference; lastKnownFileType = sourcecode.swift; path = BathRoomViewController.swift; sourceTree = "<group>"; };
		F2A125852821133F009E432A /* DoorWayViewController.swift */ = {isa = PBXFileReference; lastKnownFileType = sourcecode.swift; path = DoorWayViewController.swift; sourceTree = "<group>"; };
		F2E735B02820E06B00FFF579 /* Experimenting-with-UINavigationControllers.app */ = {isa = PBXFileReference; explicitFileType = wrapper.application; includeInIndex = 0; path = "Experimenting-with-UINavigationControllers.app"; sourceTree = BUILT_PRODUCTS_DIR; };
		F2E735B32820E06B00FFF579 /* AppDelegate.swift */ = {isa = PBXFileReference; lastKnownFileType = sourcecode.swift; path = AppDelegate.swift; sourceTree = "<group>"; };
		F2E735B52820E06B00FFF579 /* SceneDelegate.swift */ = {isa = PBXFileReference; lastKnownFileType = sourcecode.swift; path = SceneDelegate.swift; sourceTree = "<group>"; };
		F2E735B72820E06B00FFF579 /* ViewController.swift */ = {isa = PBXFileReference; lastKnownFileType = sourcecode.swift; path = ViewController.swift; sourceTree = "<group>"; };
		F2E735BA2820E06B00FFF579 /* Base */ = {isa = PBXFileReference; lastKnownFileType = file.storyboard; name = Base; path = Base.lproj/Main.storyboard; sourceTree = "<group>"; };
		F2E735BC2820E06D00FFF579 /* Assets.xcassets */ = {isa = PBXFileReference; lastKnownFileType = folder.assetcatalog; path = Assets.xcassets; sourceTree = "<group>"; };
		F2E735BF2820E06D00FFF579 /* Base */ = {isa = PBXFileReference; lastKnownFileType = file.storyboard; name = Base; path = Base.lproj/LaunchScreen.storyboard; sourceTree = "<group>"; };
		F2E735C12820E06D00FFF579 /* Info.plist */ = {isa = PBXFileReference; lastKnownFileType = text.plist.xml; path = Info.plist; sourceTree = "<group>"; };
		F2E735C72820FE5700FFF579 /* CoatRoomViewController.swift */ = {isa = PBXFileReference; lastKnownFileType = sourcecode.swift; path = CoatRoomViewController.swift; sourceTree = "<group>"; };
/* End PBXFileReference section */

/* Begin PBXFrameworksBuildPhase section */
		F2E735AD2820E06B00FFF579 /* Frameworks */ = {
			isa = PBXFrameworksBuildPhase;
			buildActionMask = 2147483647;
			files = (
			);
			runOnlyForDeploymentPostprocessing = 0;
		};
/* End PBXFrameworksBuildPhase section */

/* Begin PBXGroup section */
		F2E735A72820E06B00FFF579 = {
			isa = PBXGroup;
			children = (
				F2E735B22820E06B00FFF579 /* Experimenting-with-UINavigationControllers */,
				F2E735B12820E06B00FFF579 /* Products */,
			);
			sourceTree = "<group>";
		};
		F2E735B12820E06B00FFF579 /* Products */ = {
			isa = PBXGroup;
			children = (
				F2E735B02820E06B00FFF579 /* Experimenting-with-UINavigationControllers.app */,
			);
			name = Products;
			sourceTree = "<group>";
		};
		F2E735B22820E06B00FFF579 /* Experimenting-with-UINavigationControllers */ = {
			isa = PBXGroup;
			children = (
				F2E735B32820E06B00FFF579 /* AppDelegate.swift */,
				F2E735B52820E06B00FFF579 /* SceneDelegate.swift */,
				F2E735B72820E06B00FFF579 /* ViewController.swift */,
				F2A125852821133F009E432A /* DoorWayViewController.swift */,
				F2E735C72820FE5700FFF579 /* CoatRoomViewController.swift */,
				F2A1256B2821038D009E432A /* LibraryViewController.swift */,
				F2A125792821042F009E432A /* DiningRoomViewController.swift */,
				F2A1258328210480009E432A /* BathRoomViewController.swift */,
				F2A1258128210472009E432A /* BedRoomViewController.swift */,
				F2A1257F28210462009E432A /* StairsUpViewController.swift */,
				F2A1257D28210450009E432A /* BackPorchViewController.swift */,
				F2A1257B28210440009E432A /* KitchenViewController.swift */,
				F2A125772821041D009E432A /* CursedChaliceViewController.swift */,
				F2A12575282103FE009E432A /* MysteriousLakeViewController.swift */,
				F2A12573282103EA009E432A /* GeneratorViewController.swift */,
				F2A12571282103D9009E432A /* LabratoryViewController.swift */,
				F2A1256F282103C3009E432A /* DungeonViewController.swift */,
				F2A1256D282103A6009E432A /* SecretPassageViewController.swift */,
				F2E735B92820E06B00FFF579 /* Main.storyboard */,
				F2E735BC2820E06D00FFF579 /* Assets.xcassets */,
				F2E735BE2820E06D00FFF579 /* LaunchScreen.storyboard */,
				F2E735C12820E06D00FFF579 /* Info.plist */,
			);
			path = "Experimenting-with-UINavigationControllers";
			sourceTree = "<group>";
		};
/* End PBXGroup section */

/* Begin PBXNativeTarget section */
		F2E735AF2820E06B00FFF579 /* Experimenting-with-UINavigationControllers */ = {
			isa = PBXNativeTarget;
			buildConfigurationList = F2E735C42820E06D00FFF579 /* Build configuration list for PBXNativeTarget "Experimenting-with-UINavigationControllers" */;
			buildPhases = (
				F2E735AC2820E06B00FFF579 /* Sources */,
				F2E735AD2820E06B00FFF579 /* Frameworks */,
				F2E735AE2820E06B00FFF579 /* Resources */,
			);
			buildRules = (
			);
			dependencies = (
			);
			name = "Experimenting-with-UINavigationControllers";
			productName = "Experimenting-with-UINavigationControllers";
			productReference = F2E735B02820E06B00FFF579 /* Experimenting-with-UINavigationControllers.app */;
			productType = "com.apple.product-type.application";
		};
/* End PBXNativeTarget section */

/* Begin PBXProject section */
		F2E735A82820E06B00FFF579 /* Project object */ = {
			isa = PBXProject;
			attributes = {
				BuildIndependentTargetsInParallel = 1;
				LastSwiftUpdateCheck = 1330;
				LastUpgradeCheck = 1330;
				TargetAttributes = {
					F2E735AF2820E06B00FFF579 = {
						CreatedOnToolsVersion = 13.3.1;
					};
				};
			};
			buildConfigurationList = F2E735AB2820E06B00FFF579 /* Build configuration list for PBXProject "Experimenting-with-UINavigationControllers" */;
			compatibilityVersion = "Xcode 13.0";
			developmentRegion = en;
			hasScannedForEncodings = 0;
			knownRegions = (
				en,
				Base,
			);
			mainGroup = F2E735A72820E06B00FFF579;
			productRefGroup = F2E735B12820E06B00FFF579 /* Products */;
			projectDirPath = "";
			projectRoot = "";
			targets = (
				F2E735AF2820E06B00FFF579 /* Experimenting-with-UINavigationControllers */,
			);
		};
/* End PBXProject section */

/* Begin PBXResourcesBuildPhase section */
		F2E735AE2820E06B00FFF579 /* Resources */ = {
			isa = PBXResourcesBuildPhase;
			buildActionMask = 2147483647;
			files = (
				F2E735C02820E06D00FFF579 /* LaunchScreen.storyboard in Resources */,
				F2E735BD2820E06D00FFF579 /* Assets.xcassets in Resources */,
				F2E735BB2820E06B00FFF579 /* Main.storyboard in Resources */,
			);
			runOnlyForDeploymentPostprocessing = 0;
		};
/* End PBXResourcesBuildPhase section */

/* Begin PBXSourcesBuildPhase section */
		F2E735AC2820E06B00FFF579 /* Sources */ = {
			isa = PBXSourcesBuildPhase;
			buildActionMask = 2147483647;
			files = (
				F2A1257C28210440009E432A /* KitchenViewController.swift in Sources */,
				F2E735B82820E06B00FFF579 /* ViewController.swift in Sources */,
				F2A12574282103EA009E432A /* GeneratorViewController.swift in Sources */,
				F2A1258028210462009E432A /* StairsUpViewController.swift in Sources */,
				F2A1256C2821038D009E432A /* LibraryViewController.swift in Sources */,
				F2A12570282103C3009E432A /* DungeonViewController.swift in Sources */,
				F2E735B42820E06B00FFF579 /* AppDelegate.swift in Sources */,
				F2A12576282103FE009E432A /* MysteriousLakeViewController.swift in Sources */,
				F2A1256E282103A6009E432A /* SecretPassageViewController.swift in Sources */,
				F2A1257E28210450009E432A /* BackPorchViewController.swift in Sources */,
				F2A125782821041D009E432A /* CursedChaliceViewController.swift in Sources */,
				F2E735C82820FE5700FFF579 /* CoatRoomViewController.swift in Sources */,
				F2E735B62820E06B00FFF579 /* SceneDelegate.swift in Sources */,
				F2A1258428210480009E432A /* BathRoomViewController.swift in Sources */,
				F2A1258228210472009E432A /* BedRoomViewController.swift in Sources */,
				F2A1257A2821042F009E432A /* DiningRoomViewController.swift in Sources */,
				F2A125862821133F009E432A /* DoorWayViewController.swift in Sources */,
				F2A12572282103D9009E432A /* LabratoryViewController.swift in Sources */,
			);
			runOnlyForDeploymentPostprocessing = 0;
		};
/* End PBXSourcesBuildPhase section */

/* Begin PBXVariantGroup section */
		F2E735B92820E06B00FFF579 /* Main.storyboard */ = {
			isa = PBXVariantGroup;
			children = (
				F2E735BA2820E06B00FFF579 /* Base */,
			);
			name = Main.storyboard;
			sourceTree = "<group>";
		};
		F2E735BE2820E06D00FFF579 /* LaunchScreen.storyboard */ = {
			isa = PBXVariantGroup;
			children = (
				F2E735BF2820E06D00FFF579 /* Base */,
			);
			name = LaunchScreen.storyboard;
			sourceTree = "<group>";
		};
/* End PBXVariantGroup section */

/* Begin XCBuildConfiguration section */
		F2E735C22820E06D00FFF579 /* Debug */ = {
			isa = XCBuildConfiguration;
			buildSettings = {
				ALWAYS_SEARCH_USER_PATHS = NO;
				CLANG_ANALYZER_NONNULL = YES;
				CLANG_ANALYZER_NUMBER_OBJECT_CONVERSION = YES_AGGRESSIVE;
				CLANG_CXX_LANGUAGE_STANDARD = "gnu++17";
				CLANG_ENABLE_MODULES = YES;
				CLANG_ENABLE_OBJC_ARC = YES;
				CLANG_ENABLE_OBJC_WEAK = YES;
				CLANG_WARN_BLOCK_CAPTURE_AUTORELEASING = YES;
				CLANG_WARN_BOOL_CONVERSION = YES;
				CLANG_WARN_COMMA = YES;
				CLANG_WARN_CONSTANT_CONVERSION = YES;
				CLANG_WARN_DEPRECATED_OBJC_IMPLEMENTATIONS = YES;
				CLANG_WARN_DIRECT_OBJC_ISA_USAGE = YES_ERROR;
				CLANG_WARN_DOCUMENTATION_COMMENTS = YES;
				CLANG_WARN_EMPTY_BODY = YES;
				CLANG_WARN_ENUM_CONVERSION = YES;
				CLANG_WARN_INFINITE_RECURSION = YES;
				CLANG_WARN_INT_CONVERSION = YES;
				CLANG_WARN_NON_LITERAL_NULL_CONVERSION = YES;
				CLANG_WARN_OBJC_IMPLICIT_RETAIN_SELF = YES;
				CLANG_WARN_OBJC_LITERAL_CONVERSION = YES;
				CLANG_WARN_OBJC_ROOT_CLASS = YES_ERROR;
				CLANG_WARN_QUOTED_INCLUDE_IN_FRAMEWORK_HEADER = YES;
				CLANG_WARN_RANGE_LOOP_ANALYSIS = YES;
				CLANG_WARN_STRICT_PROTOTYPES = YES;
				CLANG_WARN_SUSPICIOUS_MOVE = YES;
				CLANG_WARN_UNGUARDED_AVAILABILITY = YES_AGGRESSIVE;
				CLANG_WARN_UNREACHABLE_CODE = YES;
				CLANG_WARN__DUPLICATE_METHOD_MATCH = YES;
				COPY_PHASE_STRIP = NO;
				DEBUG_INFORMATION_FORMAT = dwarf;
				ENABLE_STRICT_OBJC_MSGSEND = YES;
				ENABLE_TESTABILITY = YES;
				GCC_C_LANGUAGE_STANDARD = gnu11;
				GCC_DYNAMIC_NO_PIC = NO;
				GCC_NO_COMMON_BLOCKS = YES;
				GCC_OPTIMIZATION_LEVEL = 0;
				GCC_PREPROCESSOR_DEFINITIONS = (
					"DEBUG=1",
					"$(inherited)",
				);
				GCC_WARN_64_TO_32_BIT_CONVERSION = YES;
				GCC_WARN_ABOUT_RETURN_TYPE = YES_ERROR;
				GCC_WARN_UNDECLARED_SELECTOR = YES;
				GCC_WARN_UNINITIALIZED_AUTOS = YES_AGGRESSIVE;
				GCC_WARN_UNUSED_FUNCTION = YES;
				GCC_WARN_UNUSED_VARIABLE = YES;
				IPHONEOS_DEPLOYMENT_TARGET = 15.4;
				MTL_ENABLE_DEBUG_INFO = INCLUDE_SOURCE;
				MTL_FAST_MATH = YES;
				ONLY_ACTIVE_ARCH = YES;
				SDKROOT = iphoneos;
				SWIFT_ACTIVE_COMPILATION_CONDITIONS = DEBUG;
				SWIFT_OPTIMIZATION_LEVEL = "-Onone";
			};
			name = Debug;
		};
		F2E735C32820E06D00FFF579 /* Release */ = {
			isa = XCBuildConfiguration;
			buildSettings = {
				ALWAYS_SEARCH_USER_PATHS = NO;
				CLANG_ANALYZER_NONNULL = YES;
				CLANG_ANALYZER_NUMBER_OBJECT_CONVERSION = YES_AGGRESSIVE;
				CLANG_CXX_LANGUAGE_STANDARD = "gnu++17";
				CLANG_ENABLE_MODULES = YES;
				CLANG_ENABLE_OBJC_ARC = YES;
				CLANG_ENABLE_OBJC_WEAK = YES;
				CLANG_WARN_BLOCK_CAPTURE_AUTORELEASING = YES;
				CLANG_WARN_BOOL_CONVERSION = YES;
				CLANG_WARN_COMMA = YES;
				CLANG_WARN_CONSTANT_CONVERSION = YES;
				CLANG_WARN_DEPRECATED_OBJC_IMPLEMENTATIONS = YES;
				CLANG_WARN_DIRECT_OBJC_ISA_USAGE = YES_ERROR;
				CLANG_WARN_DOCUMENTATION_COMMENTS = YES;
				CLANG_WARN_EMPTY_BODY = YES;
				CLANG_WARN_ENUM_CONVERSION = YES;
				CLANG_WARN_INFINITE_RECURSION = YES;
				CLANG_WARN_INT_CONVERSION = YES;
				CLANG_WARN_NON_LITERAL_NULL_CONVERSION = YES;
				CLANG_WARN_OBJC_IMPLICIT_RETAIN_SELF = YES;
				CLANG_WARN_OBJC_LITERAL_CONVERSION = YES;
				CLANG_WARN_OBJC_ROOT_CLASS = YES_ERROR;
				CLANG_WARN_QUOTED_INCLUDE_IN_FRAMEWORK_HEADER = YES;
				CLANG_WARN_RANGE_LOOP_ANALYSIS = YES;
				CLANG_WARN_STRICT_PROTOTYPES = YES;
				CLANG_WARN_SUSPICIOUS_MOVE = YES;
				CLANG_WARN_UNGUARDED_AVAILABILITY = YES_AGGRESSIVE;
				CLANG_WARN_UNREACHABLE_CODE = YES;
				CLANG_WARN__DUPLICATE_METHOD_MATCH = YES;
				COPY_PHASE_STRIP = NO;
				DEBUG_INFORMATION_FORMAT = "dwarf-with-dsym";
				ENABLE_NS_ASSERTIONS = NO;
				ENABLE_STRICT_OBJC_MSGSEND = YES;
				GCC_C_LANGUAGE_STANDARD = gnu11;
				GCC_NO_COMMON_BLOCKS = YES;
				GCC_WARN_64_TO_32_BIT_CONVERSION = YES;
				GCC_WARN_ABOUT_RETURN_TYPE = YES_ERROR;
				GCC_WARN_UNDECLARED_SELECTOR = YES;
				GCC_WARN_UNINITIALIZED_AUTOS = YES_AGGRESSIVE;
				GCC_WARN_UNUSED_FUNCTION = YES;
				GCC_WARN_UNUSED_VARIABLE = YES;
				IPHONEOS_DEPLOYMENT_TARGET = 15.4;
				MTL_ENABLE_DEBUG_INFO = NO;
				MTL_FAST_MATH = YES;
				SDKROOT = iphoneos;
				SWIFT_COMPILATION_MODE = wholemodule;
				SWIFT_OPTIMIZATION_LEVEL = "-O";
				VALIDATE_PRODUCT = YES;
			};
			name = Release;
		};
		F2E735C52820E06D00FFF579 /* Debug */ = {
			isa = XCBuildConfiguration;
			buildSettings = {
				ASSETCATALOG_COMPILER_APPICON_NAME = AppIcon;
				ASSETCATALOG_COMPILER_GLOBAL_ACCENT_COLOR_NAME = AccentColor;
				CODE_SIGN_STYLE = Automatic;
				CURRENT_PROJECT_VERSION = 1;
				GENERATE_INFOPLIST_FILE = YES;
				INFOPLIST_FILE = "Experimenting-with-UINavigationControllers/Info.plist";
				INFOPLIST_KEY_UIApplicationSupportsIndirectInputEvents = YES;
				INFOPLIST_KEY_UILaunchStoryboardName = LaunchScreen;
				INFOPLIST_KEY_UIMainStoryboardFile = Main;
				INFOPLIST_KEY_UISupportedInterfaceOrientations_iPad = "UIInterfaceOrientationPortrait UIInterfaceOrientationPortraitUpsideDown UIInterfaceOrientationLandscapeLeft UIInterfaceOrientationLandscapeRight";
				INFOPLIST_KEY_UISupportedInterfaceOrientations_iPhone = "UIInterfaceOrientationPortrait UIInterfaceOrientationLandscapeLeft UIInterfaceOrientationLandscapeRight";
				LD_RUNPATH_SEARCH_PATHS = (
					"$(inherited)",
					"@executable_path/Frameworks",
				);
				MARKETING_VERSION = 1.0;
				PRODUCT_BUNDLE_IDENTIFIER = "com.example.Experimenting-with-UINavigationControllers";
				PRODUCT_NAME = "$(TARGET_NAME)";
				SWIFT_EMIT_LOC_STRINGS = YES;
				SWIFT_VERSION = 5.0;
				TARGETED_DEVICE_FAMILY = "1,2";
			};
			name = Debug;
		};
		F2E735C62820E06D00FFF579 /* Release */ = {
			isa = XCBuildConfiguration;
			buildSettings = {
				ASSETCATALOG_COMPILER_APPICON_NAME = AppIcon;
				ASSETCATALOG_COMPILER_GLOBAL_ACCENT_COLOR_NAME = AccentColor;
				CODE_SIGN_STYLE = Automatic;
				CURRENT_PROJECT_VERSION = 1;
				GENERATE_INFOPLIST_FILE = YES;
				INFOPLIST_FILE = "Experimenting-with-UINavigationControllers/Info.plist";
				INFOPLIST_KEY_UIApplicationSupportsIndirectInputEvents = YES;
				INFOPLIST_KEY_UILaunchStoryboardName = LaunchScreen;
				INFOPLIST_KEY_UIMainStoryboardFile = Main;
				INFOPLIST_KEY_UISupportedInterfaceOrientations_iPad = "UIInterfaceOrientationPortrait UIInterfaceOrientationPortraitUpsideDown UIInterfaceOrientationLandscapeLeft UIInterfaceOrientationLandscapeRight";
				INFOPLIST_KEY_UISupportedInterfaceOrientations_iPhone = "UIInterfaceOrientationPortrait UIInterfaceOrientationLandscapeLeft UIInterfaceOrientationLandscapeRight";
				LD_RUNPATH_SEARCH_PATHS = (
					"$(inherited)",
					"@executable_path/Frameworks",
				);
				MARKETING_VERSION = 1.0;
				PRODUCT_BUNDLE_IDENTIFIER = "com.example.Experimenting-with-UINavigationControllers";
				PRODUCT_NAME = "$(TARGET_NAME)";
				SWIFT_EMIT_LOC_STRINGS = YES;
				SWIFT_VERSION = 5.0;
				TARGETED_DEVICE_FAMILY = "1,2";
			};
			name = Release;
		};
/* End XCBuildConfiguration section */

/* Begin XCConfigurationList section */
		F2E735AB2820E06B00FFF579 /* Build configuration list for PBXProject "Experimenting-with-UINavigationControllers" */ = {
			isa = XCConfigurationList;
			buildConfigurations = (
				F2E735C22820E06D00FFF579 /* Debug */,
				F2E735C32820E06D00FFF579 /* Release */,
			);
			defaultConfigurationIsVisible = 0;
			defaultConfigurationName = Release;
		};
		F2E735C42820E06D00FFF579 /* Build configuration list for PBXNativeTarget "Experimenting-with-UINavigationControllers" */ = {
			isa = XCConfigurationList;
			buildConfigurations = (
				F2E735C52820E06D00FFF579 /* Debug */,
				F2E735C62820E06D00FFF579 /* Release */,
			);
			defaultConfigurationIsVisible = 0;
			defaultConfigurationName = Release;
		};
/* End XCConfigurationList section */
	};
	rootObject = F2E735A82820E06B00FFF579 /* Project object */;
}
